
Microsoft Visual Studio Solution File, Format Version 12.00
# Visual Studio 15
VisualStudioVersion = 15.0.27428.2043
MinimumVisualStudioVersion = 10.0.40219.1
Project("{FAE04EC0-301F-11D3-BF4B-00C04F79EFBC}") = "CmpProject", "CmpProject\CmpProject.csproj", "{C6AC5669-C7BF-4D89-A589-22F494AB96F9}"
EndProject
Global
	GlobalSection(SolutionConfigurationPlatforms) = preSolution
		Debug|Any CPU = Debug|Any CPU
		Release|Any CPU = Release|Any CPU
	EndGlobalSection
	GlobalSection(ProjectConfigurationPlatforms) = postSolution
		{C6AC5669-C7BF-4D89-A589-22F494AB96F9}.Debug|Any CPU.ActiveCfg = Debug|Any CPU
		{C6AC5669-C7BF-4D89-A589-22F494AB96F9}.Debug|Any CPU.Build.0 = Debug|Any CPU
		{C6AC5669-C7BF-4D89-A589-22F494AB96F9}.Release|Any CPU.ActiveCfg = Release|Any CPU
		{C6AC5669-C7BF-4D89-A589-22F494AB96F9}.Release|Any CPU.Build.0 = Release|Any CPU
	EndGlobalSection
	GlobalSection(SolutionProperties) = preSolution
		HideSolutionNode = FALSE
	EndGlobalSection
	GlobalSection(ExtensibilityGlobals) = postSolution
		SolutionGuid = {C195A635-2A05-47E2-97F7-28E1BAAECD10}
	EndGlobalSection
EndGlobal
